
Microsoft Visual Studio Solution File, Format Version 12.00
# Visual Studio 15
VisualStudioVersion = 15.0.26730.16
MinimumVisualStudioVersion = 10.0.40219.1
Project("{FAE04EC0-301F-11D3-BF4B-00C04F79EFBC}") = "prjLinkedList", "prjLinkedList\prjLinkedList.csproj", "{0CCF31E3-218B-4936-8674-5924B54F5D37}"
EndProject
Project("{FAE04EC0-301F-11D3-BF4B-00C04F79EFBC}") = "prjBinaryTree", "prjBinaryTree\prjBinaryTree.csproj", "{6494ABEF-C9BF-4DC3-969E-C6EA3FA51C48}"
EndProject
Project("{FAE04EC0-301F-11D3-BF4B-00C04F79EFBC}") = "prjBinarySearchTree", "prjBinarySearchTree\prjBinarySearchTree.csproj", "{87045053-D6F8-430D-8D5B-DE9F81D98338}"
EndProject
Project("{FAE04EC0-301F-11D3-BF4B-00C04F79EFBC}") = "prjSearching", "prjSearching\prjSearching.csproj", "{58D593C0-C40D-432F-A6E2-06C8CAF03B20}"
EndProject
Project("{2150E333-8FDC-42A3-9474-1A3956D46DE8}") = "Basic", "Basic", "{D3D6B73C-7B54-4BA1-811D-7CC9A665E6F9}"
EndProject
Project("{2150E333-8FDC-42A3-9474-1A3956D46DE8}") = "Advanced", "Advanced", "{E440C273-CFDC-453D-A483-4ACCAB64EF50}"
EndProject
Project("{FAE04EC0-301F-11D3-BF4B-00C04F79EFBC}") = "prjDirectedGraph", "prjDirectedGraph\prjDirectedGraph.csproj", "{4B653358-BE92-42EF-8A64-E083E621ADF1}"
EndProject
Project("{FAE04EC0-301F-11D3-BF4B-00C04F79EFBC}") = "prjUndirectedGraph", "prjUndirectedGraph\prjUndirectedGraph.csproj", "{E863880A-6B0B-40EE-A736-B2D0F5510257}"
EndProject
Project("{FAE04EC0-301F-11D3-BF4B-00C04F79EFBC}") = "prjDirectedWeightedGraph", "prjDirectedWightedGraph\prjDirectedWeightedGraph.csproj", "{92C83794-DB99-45AF-B6F4-80C5DD1E81A0}"
EndProject
Project("{FAE04EC0-301F-11D3-BF4B-00C04F79EFBC}") = "prjUnDirectedWeightedGraph", "prjUnDirectedWeightedGraph\prjUnDirectedWeightedGraph.csproj", "{9DD71D15-3DFD-4102-B337-E131D9D0B172}"
EndProject
Project("{FAE04EC0-301F-11D3-BF4B-00C04F79EFBC}") = "prjAdjacencyList", "prjAdjacencyList\prjAdjacencyList.csproj", "{4E926FA9-3416-4D66-9394-F7CD182D544D}"
EndProject
Project("{FAE04EC0-301F-11D3-BF4B-00C04F79EFBC}") = "prjBFS", "prjBFS\prjBFS.csproj", "{6F9D83D1-AA5D-4891-85D8-98E2B1D4F3F5}"
EndProject
Project("{FAE04EC0-301F-11D3-BF4B-00C04F79EFBC}") = "prjBFSShortestPaths", "prjBFSShortestPaths\prjBFSShortestPaths.csproj", "{B8A92B93-FD7B-43FC-B092-CA72747C88F9}"
EndProject
Project("{FAE04EC0-301F-11D3-BF4B-00C04F79EFBC}") = "prjDFS", "prjDFS\prjDFS.csproj", "{9398CE58-6E53-42A8-8862-C9E9C42A1D56}"
EndProject
Project("{FAE04EC0-301F-11D3-BF4B-00C04F79EFBC}") = "prjDFSTreeEdges", "prjDFSTreeEdges\prjDFSTreeEdges.csproj", "{B81A854E-5C82-478E-BFD1-EE7DD4D03791}"
EndProject
Project("{FAE04EC0-301F-11D3-BF4B-00C04F79EFBC}") = "prjDFSRecursive", "prjDFSRecursive\prjDFSRecursive.csproj", "{ED22247F-D3DB-4100-9DF6-1F990D38B663}"
EndProject
Project("{FAE04EC0-301F-11D3-BF4B-00C04F79EFBC}") = "prjDFSRecursiveTime", "prjDFSRecursiveTime\prjDFSRecursiveTime.csproj", "{7F9F1608-9126-4BE2-B2BD-294777598488}"
EndProject
Project("{FAE04EC0-301F-11D3-BF4B-00C04F79EFBC}") = "prjDjikstraShortestPath", "prjDjikstraShortestPath\prjDjikstraShortestPath.csproj", "{53153EC9-7B85-42C0-9387-A2B97FFBFA9B}"
EndProject
Project("{FAE04EC0-301F-11D3-BF4B-00C04F79EFBC}") = "prjPathMatrix", "prjPathMatrix\prjPathMatrix.csproj", "{AAA64EB4-F0FE-4446-880D-2A0F180B1A6E}"
EndProject
Project("{FAE04EC0-301F-11D3-BF4B-00C04F79EFBC}") = "prjWarshalls", "prjWarshalls\prjWarshalls.csproj", "{D04CD24A-0C46-46DA-812C-9AA6A1D76C18}"
EndProject
Project("{FAE04EC0-301F-11D3-BF4B-00C04F79EFBC}") = "prjBFSTreeEdges", "prjBFSTreeEdges\prjBFSTreeEdges.csproj", "{5349B4D5-BF1C-4649-BE17-59CD31ED7A04}"
EndProject
Project("{FAE04EC0-301F-11D3-BF4B-00C04F79EFBC}") = "prjBFSUndirected", "prjBFSUndirected\prjBFSUndirected.csproj", "{6CD1FDAA-969B-49DD-ABA8-2D70A7056F0F}"
EndProject
Project("{FAE04EC0-301F-11D3-BF4B-00C04F79EFBC}") = "prjBFSConnected", "prjBFSConnected\prjBFSConnected.csproj", "{4BFE699E-CD25-47B4-BF64-EEE953FE0896}"
EndProject
Project("{FAE04EC0-301F-11D3-BF4B-00C04F79EFBC}") = "prjKruskals", "prjKruskals\prjKruskals.csproj", "{22357505-F74D-4A53-A7AE-1B7A0C140A2F}"
EndProject
Global
	GlobalSection(SolutionConfigurationPlatforms) = preSolution
		Debug|Any CPU = Debug|Any CPU
		Release|Any CPU = Release|Any CPU
	EndGlobalSection
	GlobalSection(ProjectConfigurationPlatforms) = postSolution
		{0CCF31E3-218B-4936-8674-5924B54F5D37}.Debug|Any CPU.ActiveCfg = Debug|Any CPU
		{0CCF31E3-218B-4936-8674-5924B54F5D37}.Debug|Any CPU.Build.0 = Debug|Any CPU
		{0CCF31E3-218B-4936-8674-5924B54F5D37}.Release|Any CPU.ActiveCfg = Release|Any CPU
		{0CCF31E3-218B-4936-8674-5924B54F5D37}.Release|Any CPU.Build.0 = Release|Any CPU
		{6494ABEF-C9BF-4DC3-969E-C6EA3FA51C48}.Debug|Any CPU.ActiveCfg = Debug|Any CPU
		{6494ABEF-C9BF-4DC3-969E-C6EA3FA51C48}.Debug|Any CPU.Build.0 = Debug|Any CPU
		{6494ABEF-C9BF-4DC3-969E-C6EA3FA51C48}.Release|Any CPU.ActiveCfg = Release|Any CPU
		{6494ABEF-C9BF-4DC3-969E-C6EA3FA51C48}.Release|Any CPU.Build.0 = Release|Any CPU
		{87045053-D6F8-430D-8D5B-DE9F81D98338}.Debug|Any CPU.ActiveCfg = Debug|Any CPU
		{87045053-D6F8-430D-8D5B-DE9F81D98338}.Debug|Any CPU.Build.0 = Debug|Any CPU
		{87045053-D6F8-430D-8D5B-DE9F81D98338}.Release|Any CPU.ActiveCfg = Release|Any CPU
		{87045053-D6F8-430D-8D5B-DE9F81D98338}.Release|Any CPU.Build.0 = Release|Any CPU
		{58D593C0-C40D-432F-A6E2-06C8CAF03B20}.Debug|Any CPU.ActiveCfg = Debug|Any CPU
		{58D593C0-C40D-432F-A6E2-06C8CAF03B20}.Debug|Any CPU.Build.0 = Debug|Any CPU
		{58D593C0-C40D-432F-A6E2-06C8CAF03B20}.Release|Any CPU.ActiveCfg = Release|Any CPU
		{58D593C0-C40D-432F-A6E2-06C8CAF03B20}.Release|Any CPU.Build.0 = Release|Any CPU
		{4B653358-BE92-42EF-8A64-E083E621ADF1}.Debug|Any CPU.ActiveCfg = Debug|Any CPU
		{4B653358-BE92-42EF-8A64-E083E621ADF1}.Debug|Any CPU.Build.0 = Debug|Any CPU
		{4B653358-BE92-42EF-8A64-E083E621ADF1}.Release|Any CPU.ActiveCfg = Release|Any CPU
		{4B653358-BE92-42EF-8A64-E083E621ADF1}.Release|Any CPU.Build.0 = Release|Any CPU
		{E863880A-6B0B-40EE-A736-B2D0F5510257}.Debug|Any CPU.ActiveCfg = Debug|Any CPU
		{E863880A-6B0B-40EE-A736-B2D0F5510257}.Debug|Any CPU.Build.0 = Debug|Any CPU
		{E863880A-6B0B-40EE-A736-B2D0F5510257}.Release|Any CPU.ActiveCfg = Release|Any CPU
		{E863880A-6B0B-40EE-A736-B2D0F5510257}.Release|Any CPU.Build.0 = Release|Any CPU
		{92C83794-DB99-45AF-B6F4-80C5DD1E81A0}.Debug|Any CPU.ActiveCfg = Debug|Any CPU
		{92C83794-DB99-45AF-B6F4-80C5DD1E81A0}.Debug|Any CPU.Build.0 = Debug|Any CPU
		{92C83794-DB99-45AF-B6F4-80C5DD1E81A0}.Release|Any CPU.ActiveCfg = Release|Any CPU
		{92C83794-DB99-45AF-B6F4-80C5DD1E81A0}.Release|Any CPU.Build.0 = Release|Any CPU
		{9DD71D15-3DFD-4102-B337-E131D9D0B172}.Debug|Any CPU.ActiveCfg = Debug|Any CPU
		{9DD71D15-3DFD-4102-B337-E131D9D0B172}.Debug|Any CPU.Build.0 = Debug|Any CPU
		{9DD71D15-3DFD-4102-B337-E131D9D0B172}.Release|Any CPU.ActiveCfg = Release|Any CPU
		{9DD71D15-3DFD-4102-B337-E131D9D0B172}.Release|Any CPU.Build.0 = Release|Any CPU
		{4E926FA9-3416-4D66-9394-F7CD182D544D}.Debug|Any CPU.ActiveCfg = Debug|Any CPU
		{4E926FA9-3416-4D66-9394-F7CD182D544D}.Debug|Any CPU.Build.0 = Debug|Any CPU
		{4E926FA9-3416-4D66-9394-F7CD182D544D}.Release|Any CPU.ActiveCfg = Release|Any CPU
		{4E926FA9-3416-4D66-9394-F7CD182D544D}.Release|Any CPU.Build.0 = Release|Any CPU
		{6F9D83D1-AA5D-4891-85D8-98E2B1D4F3F5}.Debug|Any CPU.ActiveCfg = Debug|Any CPU
		{6F9D83D1-AA5D-4891-85D8-98E2B1D4F3F5}.Debug|Any CPU.Build.0 = Debug|Any CPU
		{6F9D83D1-AA5D-4891-85D8-98E2B1D4F3F5}.Release|Any CPU.ActiveCfg = Release|Any CPU
		{6F9D83D1-AA5D-4891-85D8-98E2B1D4F3F5}.Release|Any CPU.Build.0 = Release|Any CPU
		{B8A92B93-FD7B-43FC-B092-CA72747C88F9}.Debug|Any CPU.ActiveCfg = Debug|Any CPU
		{B8A92B93-FD7B-43FC-B092-CA72747C88F9}.Debug|Any CPU.Build.0 = Debug|Any CPU
		{B8A92B93-FD7B-43FC-B092-CA72747C88F9}.Release|Any CPU.ActiveCfg = Release|Any CPU
		{B8A92B93-FD7B-43FC-B092-CA72747C88F9}.Release|Any CPU.Build.0 = Release|Any CPU
		{9398CE58-6E53-42A8-8862-C9E9C42A1D56}.Debug|Any CPU.ActiveCfg = Debug|Any CPU
		{9398CE58-6E53-42A8-8862-C9E9C42A1D56}.Debug|Any CPU.Build.0 = Debug|Any CPU
		{9398CE58-6E53-42A8-8862-C9E9C42A1D56}.Release|Any CPU.ActiveCfg = Release|Any CPU
		{9398CE58-6E53-42A8-8862-C9E9C42A1D56}.Release|Any CPU.Build.0 = Release|Any CPU
		{B81A854E-5C82-478E-BFD1-EE7DD4D03791}.Debug|Any CPU.ActiveCfg = Debug|Any CPU
		{B81A854E-5C82-478E-BFD1-EE7DD4D03791}.Debug|Any CPU.Build.0 = Debug|Any CPU
		{B81A854E-5C82-478E-BFD1-EE7DD4D03791}.Release|Any CPU.ActiveCfg = Release|Any CPU
		{B81A854E-5C82-478E-BFD1-EE7DD4D03791}.Release|Any CPU.Build.0 = Release|Any CPU
		{ED22247F-D3DB-4100-9DF6-1F990D38B663}.Debug|Any CPU.ActiveCfg = Debug|Any CPU
		{ED22247F-D3DB-4100-9DF6-1F990D38B663}.Debug|Any CPU.Build.0 = Debug|Any CPU
		{ED22247F-D3DB-4100-9DF6-1F990D38B663}.Release|Any CPU.ActiveCfg = Release|Any CPU
		{ED22247F-D3DB-4100-9DF6-1F990D38B663}.Release|Any CPU.Build.0 = Release|Any CPU
		{7F9F1608-9126-4BE2-B2BD-294777598488}.Debug|Any CPU.ActiveCfg = Debug|Any CPU
		{7F9F1608-9126-4BE2-B2BD-294777598488}.Debug|Any CPU.Build.0 = Debug|Any CPU
		{7F9F1608-9126-4BE2-B2BD-294777598488}.Release|Any CPU.ActiveCfg = Release|Any CPU
		{7F9F1608-9126-4BE2-B2BD-294777598488}.Release|Any CPU.Build.0 = Release|Any CPU
		{53153EC9-7B85-42C0-9387-A2B97FFBFA9B}.Debug|Any CPU.ActiveCfg = Debug|Any CPU
		{53153EC9-7B85-42C0-9387-A2B97FFBFA9B}.Debug|Any CPU.Build.0 = Debug|Any CPU
		{53153EC9-7B85-42C0-9387-A2B97FFBFA9B}.Release|Any CPU.ActiveCfg = Release|Any CPU
		{53153EC9-7B85-42C0-9387-A2B97FFBFA9B}.Release|Any CPU.Build.0 = Release|Any CPU
		{AAA64EB4-F0FE-4446-880D-2A0F180B1A6E}.Debug|Any CPU.ActiveCfg = Debug|Any CPU
		{AAA64EB4-F0FE-4446-880D-2A0F180B1A6E}.Debug|Any CPU.Build.0 = Debug|Any CPU
		{AAA64EB4-F0FE-4446-880D-2A0F180B1A6E}.Release|Any CPU.ActiveCfg = Release|Any CPU
		{AAA64EB4-F0FE-4446-880D-2A0F180B1A6E}.Release|Any CPU.Build.0 = Release|Any CPU
		{D04CD24A-0C46-46DA-812C-9AA6A1D76C18}.Debug|Any CPU.ActiveCfg = Debug|Any CPU
		{D04CD24A-0C46-46DA-812C-9AA6A1D76C18}.Debug|Any CPU.Build.0 = Debug|Any CPU
		{D04CD24A-0C46-46DA-812C-9AA6A1D76C18}.Release|Any CPU.ActiveCfg = Release|Any CPU
		{D04CD24A-0C46-46DA-812C-9AA6A1D76C18}.Release|Any CPU.Build.0 = Release|Any CPU
		{5349B4D5-BF1C-4649-BE17-59CD31ED7A04}.Debug|Any CPU.ActiveCfg = Debug|Any CPU
		{5349B4D5-BF1C-4649-BE17-59CD31ED7A04}.Debug|Any CPU.Build.0 = Debug|Any CPU
		{5349B4D5-BF1C-4649-BE17-59CD31ED7A04}.Release|Any CPU.ActiveCfg = Release|Any CPU
		{5349B4D5-BF1C-4649-BE17-59CD31ED7A04}.Release|Any CPU.Build.0 = Release|Any CPU
		{6CD1FDAA-969B-49DD-ABA8-2D70A7056F0F}.Debug|Any CPU.ActiveCfg = Debug|Any CPU
		{6CD1FDAA-969B-49DD-ABA8-2D70A7056F0F}.Debug|Any CPU.Build.0 = Debug|Any CPU
		{6CD1FDAA-969B-49DD-ABA8-2D70A7056F0F}.Release|Any CPU.ActiveCfg = Release|Any CPU
		{6CD1FDAA-969B-49DD-ABA8-2D70A7056F0F}.Release|Any CPU.Build.0 = Release|Any CPU
		{4BFE699E-CD25-47B4-BF64-EEE953FE0896}.Debug|Any CPU.ActiveCfg = Debug|Any CPU
		{4BFE699E-CD25-47B4-BF64-EEE953FE0896}.Debug|Any CPU.Build.0 = Debug|Any CPU
		{4BFE699E-CD25-47B4-BF64-EEE953FE0896}.Release|Any CPU.ActiveCfg = Release|Any CPU
		{4BFE699E-CD25-47B4-BF64-EEE953FE0896}.Release|Any CPU.Build.0 = Release|Any CPU
		{22357505-F74D-4A53-A7AE-1B7A0C140A2F}.Debug|Any CPU.ActiveCfg = Debug|Any CPU
		{22357505-F74D-4A53-A7AE-1B7A0C140A2F}.Debug|Any CPU.Build.0 = Debug|Any CPU
		{22357505-F74D-4A53-A7AE-1B7A0C140A2F}.Release|Any CPU.ActiveCfg = Release|Any CPU
		{22357505-F74D-4A53-A7AE-1B7A0C140A2F}.Release|Any CPU.Build.0 = Release|Any CPU
	EndGlobalSection
	GlobalSection(SolutionProperties) = preSolution
		HideSolutionNode = FALSE
	EndGlobalSection
	GlobalSection(NestedProjects) = preSolution
		{0CCF31E3-218B-4936-8674-5924B54F5D37} = {D3D6B73C-7B54-4BA1-811D-7CC9A665E6F9}
		{6494ABEF-C9BF-4DC3-969E-C6EA3FA51C48} = {D3D6B73C-7B54-4BA1-811D-7CC9A665E6F9}
		{87045053-D6F8-430D-8D5B-DE9F81D98338} = {D3D6B73C-7B54-4BA1-811D-7CC9A665E6F9}
		{58D593C0-C40D-432F-A6E2-06C8CAF03B20} = {D3D6B73C-7B54-4BA1-811D-7CC9A665E6F9}
		{4B653358-BE92-42EF-8A64-E083E621ADF1} = {E440C273-CFDC-453D-A483-4ACCAB64EF50}
		{E863880A-6B0B-40EE-A736-B2D0F5510257} = {E440C273-CFDC-453D-A483-4ACCAB64EF50}
		{92C83794-DB99-45AF-B6F4-80C5DD1E81A0} = {E440C273-CFDC-453D-A483-4ACCAB64EF50}
		{9DD71D15-3DFD-4102-B337-E131D9D0B172} = {E440C273-CFDC-453D-A483-4ACCAB64EF50}
		{4E926FA9-3416-4D66-9394-F7CD182D544D} = {E440C273-CFDC-453D-A483-4ACCAB64EF50}
		{6F9D83D1-AA5D-4891-85D8-98E2B1D4F3F5} = {E440C273-CFDC-453D-A483-4ACCAB64EF50}
		{B8A92B93-FD7B-43FC-B092-CA72747C88F9} = {E440C273-CFDC-453D-A483-4ACCAB64EF50}
		{9398CE58-6E53-42A8-8862-C9E9C42A1D56} = {E440C273-CFDC-453D-A483-4ACCAB64EF50}
		{B81A854E-5C82-478E-BFD1-EE7DD4D03791} = {E440C273-CFDC-453D-A483-4ACCAB64EF50}
		{ED22247F-D3DB-4100-9DF6-1F990D38B663} = {E440C273-CFDC-453D-A483-4ACCAB64EF50}
		{7F9F1608-9126-4BE2-B2BD-294777598488} = {E440C273-CFDC-453D-A483-4ACCAB64EF50}
		{53153EC9-7B85-42C0-9387-A2B97FFBFA9B} = {E440C273-CFDC-453D-A483-4ACCAB64EF50}
		{AAA64EB4-F0FE-4446-880D-2A0F180B1A6E} = {E440C273-CFDC-453D-A483-4ACCAB64EF50}
		{D04CD24A-0C46-46DA-812C-9AA6A1D76C18} = {E440C273-CFDC-453D-A483-4ACCAB64EF50}
		{5349B4D5-BF1C-4649-BE17-59CD31ED7A04} = {E440C273-CFDC-453D-A483-4ACCAB64EF50}
		{6CD1FDAA-969B-49DD-ABA8-2D70A7056F0F} = {E440C273-CFDC-453D-A483-4ACCAB64EF50}
		{4BFE699E-CD25-47B4-BF64-EEE953FE0896} = {E440C273-CFDC-453D-A483-4ACCAB64EF50}
		{22357505-F74D-4A53-A7AE-1B7A0C140A2F} = {E440C273-CFDC-453D-A483-4ACCAB64EF50}
	EndGlobalSection
	GlobalSection(ExtensibilityGlobals) = postSolution
		SolutionGuid = {FDF39A07-8997-4EA5-8F77-B9C4325614BF}
	EndGlobalSection
EndGlobal
